{
    "_readme": [
        "This file locks the dependencies of your project to a known state",
        "Read more about it at https://getcomposer.org/doc/01-basic-usage.md#composer-lock-the-lock-file",
        "This file is @generated automatically"
    ],
    "hash": "2694432a90f6d09b341cf23a95ae3a49",
    "packages": [
        {
            "name": "facebook/php-sdk-v4",
            "version": "dev-master",
            "source": {
                "type": "git",
                "url": "https://github.com/facebook/facebook-php-sdk-v4.git",
                "reference": "cde1d8b9f32fc375a8748838eaac1b6d4f48fa5e"
            },
            "dist": {
                "type": "zip",
                "url": "https://api.github.com/repos/facebook/facebook-php-sdk-v4/zipball/cde1d8b9f32fc375a8748838eaac1b6d4f48fa5e",
                "reference": "cde1d8b9f32fc375a8748838eaac1b6d4f48fa5e",
                "shasum": ""
            },
            "require": {
                "ext-mbstring": "*",
                "php": ">=5.4.0"
            },
            "require-dev": {
                "guzzlehttp/guzzle": "~5.0",
                "mockery/mockery": "~0.8",
                "phpunit/phpunit": "~4.0"
            },
            "suggest": {
                "guzzlehttp/guzzle": "Allows for implementation of the Guzzle HTTP client"
            },
            "type": "library",
            "extra": {
                "branch-alias": {
                    "dev-master": "5.x-dev"
                }
            },
            "autoload": {
                "psr-4": {
                    "Facebook\\": "src/Facebook/"
                }
            },
            "notification-url": "https://packagist.org/downloads/",
            "license": [
                "Facebook Platform"
            ],
            "authors": [
                {
                    "name": "Facebook",
                    "homepage": "https://github.com/facebook/facebook-php-sdk-v4/contributors"
                }
            ],
            "description": "Facebook SDK for PHP",
            "homepage": "https://github.com/facebook/facebook-php-sdk-v4",
            "keywords": [
                "facebook",
                "sdk"
            ],
            "time": "2015-05-18 22:26:49"
        }
    ],
    "packages-dev": [],
    "aliases": [],
    "minimum-stability": "stable",
    "stability-flags": {
        "facebook/php-sdk-v4": 20
    },
    "prefer-stable": false,
    "prefer-lowest": false,
    "platform": [],
    "platform-dev": []
}
