
Microsoft Visual Studio Solution File, Format Version 12.00
# Visual Studio 2012
Project("{A0786B88-2ADB-4C21-ABE8-AA2D79766269}") = "phpmysqlbook", "phpmysqlbook.phpproj", "{4E457140-7A98-4291-87BB-73264D0B73D0}"
EndProject
Global
	GlobalSection(SolutionConfigurationPlatforms) = preSolution
		Debug|Any CPU = Debug|Any CPU
		Release|Any CPU = Release|Any CPU
	EndGlobalSection
	GlobalSection(ProjectConfigurationPlatforms) = postSolution
		{4E457140-7A98-4291-87BB-73264D0B73D0}.Debug|Any CPU.ActiveCfg = Debug|Any CPU
		{4E457140-7A98-4291-87BB-73264D0B73D0}.Debug|Any CPU.Build.0 = Debug|Any CPU
		{4E457140-7A98-4291-87BB-73264D0B73D0}.Release|Any CPU.ActiveCfg = Release|Any CPU
		{4E457140-7A98-4291-87BB-73264D0B73D0}.Release|Any CPU.Build.0 = Release|Any CPU
	EndGlobalSection
	GlobalSection(SolutionProperties) = preSolution
		HideSolutionNode = FALSE
	EndGlobalSection
EndGlobal
